PODS:
  - DynamicColor (4.0.2)
  - Hop (0.1.4)
  - MarkdownView (1.3.0)
  - SwiftyAttributes (5.0.0)

DEPENDENCIES:
  - DynamicColor
  - Hop (from `https://github.com/OMTS/Hop.git`, branch `develop`)
  - MarkdownView
  - SwiftyAttributes

SPEC REPOS:
  https://github.com/CocoaPods/Specs.git:
    - DynamicColor
    - MarkdownView
    - SwiftyAttributes

EXTERNAL SOURCES:
  Hop:
    :branch: develop
    :git: https://github.com/OMTS/Hop.git

CHECKOUT OPTIONS:
  Hop:
    :commit: aa83cbb704fba621dab53cc9d0c2785b17d844cc
    :git: https://github.com/OMTS/Hop.git

SPEC CHECKSUMS:
  DynamicColor: c7adcfe871781a2b39877a5774e452ba51b79eb3
  Hop: ca03ea2dad4f975b0e825430de87142a146f5cd1
  MarkdownView: 6cee6c558eed4a012005405066071ef16a042d17
  SwiftyAttributes: a6e7bbac1e9a9f5c0b42e4055563ca091dda03ad

PODFILE CHECKSUM: 2fa6ce71cc23542e173f8920a9c5473ada6db153

COCOAPODS: 1.5.0
