PODS:
  - DynamicColor (4.0.2)
  - Hop (0.1.3)
  - MarkdownView (1.3.0)
  - SwiftyAttributes (4.3.0)

DEPENDENCIES:
  - DynamicColor
  - Hop (from `https://github.com/OMTS/Hop.git`, branch `feature-environment-configuration`)
  - MarkdownView
  - SwiftyAttributes

SPEC REPOS:
  https://github.com/CocoaPods/Specs.git:
    - DynamicColor
    - MarkdownView
    - SwiftyAttributes

EXTERNAL SOURCES:
  Hop:
    :branch: feature-environment-configuration
    :git: https://github.com/OMTS/Hop.git

CHECKOUT OPTIONS:
  Hop:
    :commit: 477093febf2b80225d5abaafde5c6dd9879436fd
    :git: https://github.com/OMTS/Hop.git

SPEC CHECKSUMS:
  DynamicColor: c7adcfe871781a2b39877a5774e452ba51b79eb3
  Hop: 135880ebc0a2f842e6f4e04af9dc929082a3eb79
  MarkdownView: 6cee6c558eed4a012005405066071ef16a042d17
  SwiftyAttributes: debe9898c1160b4fe14d1c69962d78aaca95fd88

PODFILE CHECKSUM: 12e92c0cd86705a92c547c58e26110e3d12b7fd5

COCOAPODS: 1.5.0
